
Microsoft Visual Studio Solution File, Format Version 12.00
# Visual Studio Version 17
VisualStudioVersion = 17.7.34031.279
MinimumVisualStudioVersion = 10.0.40219.1
Project("{FAE04EC0-301F-11D3-BF4B-00C04F79EFBC}") = "JiraTempoLogger", "JiraTempoLogger\JiraTempoLogger.csproj", "{411BA963-F21A-4054-9C9C-328851099ED7}"
EndProject
Global
	GlobalSection(SolutionConfigurationPlatforms) = preSolution
		Debug|Any CPU = Debug|Any CPU
		Release|Any CPU = Release|Any CPU
	EndGlobalSection
	GlobalSection(ProjectConfigurationPlatforms) = postSolution
		{411BA963-F21A-4054-9C9C-328851099ED7}.Debug|Any CPU.ActiveCfg = Debug|Any CPU
		{411BA963-F21A-4054-9C9C-328851099ED7}.Debug|Any CPU.Build.0 = Debug|Any CPU
		{411BA963-F21A-4054-9C9C-328851099ED7}.Release|Any CPU.ActiveCfg = Release|Any CPU
		{411BA963-F21A-4054-9C9C-328851099ED7}.Release|Any CPU.Build.0 = Release|Any CPU
	EndGlobalSection
	GlobalSection(SolutionProperties) = preSolution
		HideSolutionNode = FALSE
	EndGlobalSection
	GlobalSection(ExtensibilityGlobals) = postSolution
		SolutionGuid = {CEAE4AC0-33A1-4937-BB91-5E74CCD61E44}
	EndGlobalSection
EndGlobal
